# This file is automatically @generated by Cargo.
# It is not intended for manual editing.
version = 4

[[package]]
name = "gideon-tax-nc"
version = "0.1.0"
dependencies = [
 "us-tax-brackets",
]

[[package]]
name = "us-tax-brackets"
version = "1.0.1"
source = "registry+https://github.com/rust-lang/crates.io-index"
checksum = "b5ff62fa2fbf2f6bb7041980dbb4002e65acd0593eb079102e74c16428669ade"
